// !$*UTF8*$!
{
	archiveVersion = 1;
	classes = {
	};
	objectVersion = 46;
	objects = {

/* Begin PBXBuildFile section */
		69F26DCD1C95C0B8002DA87A /* ProximaNova-Light.otf in Resources */ = {isa = PBXBuildFile; fileRef = 69F26DCC1C95C0B8002DA87A /* ProximaNova-Light.otf */; };
		69F26DEC1C95C0D1002DA87A /* Info.plist in Resources */ = {isa = PBXBuildFile; fileRef = 69F26DD01C95C0D1002DA87A /* Info.plist */; };
		69F26DED1C95C0D1002DA87A /* MASCompositeConstraint.m in Sources */ = {isa = PBXBuildFile; fileRef = 69F26DD21C95C0D1002DA87A /* MASCompositeConstraint.m */; };
		69F26DEE1C95C0D1002DA87A /* MASConstraint.m in Sources */ = {isa = PBXBuildFile; fileRef = 69F26DD51C95C0D1002DA87A /* MASConstraint.m */; };
		69F26DEF1C95C0D1002DA87A /* MASConstraintMaker.m in Sources */ = {isa = PBXBuildFile; fileRef = 69F26DD71C95C0D1002DA87A /* MASConstraintMaker.m */; };
		69F26DF01C95C0D1002DA87A /* MASLayoutConstraint.m in Sources */ = {isa = PBXBuildFile; fileRef = 69F26DD91C95C0D1002DA87A /* MASLayoutConstraint.m */; };
		69F26DF11C95C0D1002DA87A /* MASViewAttribute.m in Sources */ = {isa = PBXBuildFile; fileRef = 69F26DDD1C95C0D1002DA87A /* MASViewAttribute.m */; };
		69F26DF21C95C0D1002DA87A /* MASViewConstraint.m in Sources */ = {isa = PBXBuildFile; fileRef = 69F26DDF1C95C0D1002DA87A /* MASViewConstraint.m */; };
		69F26DF31C95C0D1002DA87A /* NSArray+MASAdditions.m in Sources */ = {isa = PBXBuildFile; fileRef = 69F26DE11C95C0D1002DA87A /* NSArray+MASAdditions.m */; };
		69F26DF41C95C0D1002DA87A /* NSLayoutConstraint+MASDebugAdditions.m in Sources */ = {isa = PBXBuildFile; fileRef = 69F26DE41C95C0D1002DA87A /* NSLayoutConstraint+MASDebugAdditions.m */; };
		69F26DF51C95C0D1002DA87A /* View+MASAdditions.m in Sources */ = {isa = PBXBuildFile; fileRef = 69F26DE61C95C0D1002DA87A /* View+MASAdditions.m */; };
		69F26DF61C95C0D1002DA87A /* ViewController+MASAdditions.m in Sources */ = {isa = PBXBuildFile; fileRef = 69F26DE91C95C0D1002DA87A /* ViewController+MASAdditions.m */; };
		69F26DF91C95C0EC002DA87A /* LoginFieldView.m in Sources */ = {isa = PBXBuildFile; fileRef = 69F26DF81C95C0EC002DA87A /* LoginFieldView.m */; };
		69F26E1D1C95C173002DA87A /* MKAnnotationView+WebCache.m in Sources */ = {isa = PBXBuildFile; fileRef = 69F26DFD1C95C173002DA87A /* MKAnnotationView+WebCache.m */; };
		69F26E1E1C95C173002DA87A /* NSData+ImageContentType.m in Sources */ = {isa = PBXBuildFile; fileRef = 69F26DFF1C95C173002DA87A /* NSData+ImageContentType.m */; };
		69F26E1F1C95C173002DA87A /* SDImageCache.m in Sources */ = {isa = PBXBuildFile; fileRef = 69F26E011C95C173002DA87A /* SDImageCache.m */; };
		69F26E201C95C173002DA87A /* SDWebImageCompat.m in Sources */ = {isa = PBXBuildFile; fileRef = 69F26E031C95C173002DA87A /* SDWebImageCompat.m */; };
		69F26E211C95C173002DA87A /* SDWebImageDecoder.m in Sources */ = {isa = PBXBuildFile; fileRef = 69F26E051C95C173002DA87A /* SDWebImageDecoder.m */; };
		69F26E221C95C173002DA87A /* SDWebImageDownloader.m in Sources */ = {isa = PBXBuildFile; fileRef = 69F26E071C95C173002DA87A /* SDWebImageDownloader.m */; };
		69F26E231C95C173002DA87A /* SDWebImageDownloaderOperation.m in Sources */ = {isa = PBXBuildFile; fileRef = 69F26E091C95C173002DA87A /* SDWebImageDownloaderOperation.m */; };
		69F26E241C95C173002DA87A /* SDWebImageManager.m in Sources */ = {isa = PBXBuildFile; fileRef = 69F26E0B1C95C173002DA87A /* SDWebImageManager.m */; };
		69F26E251C95C173002DA87A /* SDWebImagePrefetcher.m in Sources */ = {isa = PBXBuildFile; fileRef = 69F26E0E1C95C173002DA87A /* SDWebImagePrefetcher.m */; };
		69F26E261C95C173002DA87A /* UIButton+WebCache.m in Sources */ = {isa = PBXBuildFile; fileRef = 69F26E101C95C173002DA87A /* UIButton+WebCache.m */; };
		69F26E271C95C173002DA87A /* UIImage+GIF.m in Sources */ = {isa = PBXBuildFile; fileRef = 69F26E121C95C173002DA87A /* UIImage+GIF.m */; };
		69F26E281C95C173002DA87A /* UIImage+MultiFormat.m in Sources */ = {isa = PBXBuildFile; fileRef = 69F26E141C95C173002DA87A /* UIImage+MultiFormat.m */; };
		69F26E291C95C173002DA87A /* UIImage+WebP.m in Sources */ = {isa = PBXBuildFile; fileRef = 69F26E161C95C173002DA87A /* UIImage+WebP.m */; };
		69F26E2A1C95C173002DA87A /* UIImageView+HighlightedWebCache.m in Sources */ = {isa = PBXBuildFile; fileRef = 69F26E181C95C173002DA87A /* UIImageView+HighlightedWebCache.m */; };
		69F26E2B1C95C173002DA87A /* UIImageView+WebCache.m in Sources */ = {isa = PBXBuildFile; fileRef = 69F26E1A1C95C173002DA87A /* UIImageView+WebCache.m */; };
		69F26E2C1C95C173002DA87A /* UIView+WebCacheOperation.m in Sources */ = {isa = PBXBuildFile; fileRef = 69F26E1C1C95C173002DA87A /* UIView+WebCacheOperation.m */; };
		69F26E2E1C95C2D6002DA87A /* snowGif.gif in Resources */ = {isa = PBXBuildFile; fileRef = 69F26E2D1C95C2D6002DA87A /* snowGif.gif */; };
		69F26E2F1C95C33E002DA87A /* ProximaNova-Light.otf in Sources */ = {isa = PBXBuildFile; fileRef = 69F26DCC1C95C0B8002DA87A /* ProximaNova-Light.otf */; };
		88DE00EB1C929CF6003AADF7 /* main.m in Sources */ = {isa = PBXBuildFile; fileRef = 88DE00EA1C929CF6003AADF7 /* main.m */; };
		88DE00EE1C929CF6003AADF7 /* AppDelegate.m in Sources */ = {isa = PBXBuildFile; fileRef = 88DE00ED1C929CF6003AADF7 /* AppDelegate.m */; };
		88DE00F41C929CF6003AADF7 /* Main.storyboard in Resources */ = {isa = PBXBuildFile; fileRef = 88DE00F21C929CF6003AADF7 /* Main.storyboard */; };
		88DE00F61C929CF6003AADF7 /* Assets.xcassets in Resources */ = {isa = PBXBuildFile; fileRef = 88DE00F51C929CF6003AADF7 /* Assets.xcassets */; };
		88DE00F91C929CF6003AADF7 /* LaunchScreen.storyboard in Resources */ = {isa = PBXBuildFile; fileRef = 88DE00F71C929CF6003AADF7 /* LaunchScreen.storyboard */; };
		88DE01041C929CF6003AADF7 /* OnlyNoteTests.m in Sources */ = {isa = PBXBuildFile; fileRef = 88DE01031C929CF6003AADF7 /* OnlyNoteTests.m */; };
		88DE010F1C929CF6003AADF7 /* OnlyNoteUITests.m in Sources */ = {isa = PBXBuildFile; fileRef = 88DE010E1C929CF6003AADF7 /* OnlyNoteUITests.m */; };
		88DE012A1C929EF3003AADF7 /* HomeViewController.m in Sources */ = {isa = PBXBuildFile; fileRef = 88DE01291C929EF3003AADF7 /* HomeViewController.m */; };
		88DE012D1C929F0D003AADF7 /* DetailViewController.m in Sources */ = {isa = PBXBuildFile; fileRef = 88DE012C1C929F0D003AADF7 /* DetailViewController.m */; };
		88DE01301C929F3A003AADF7 /* CreateNewViewController.m in Sources */ = {isa = PBXBuildFile; fileRef = 88DE012F1C929F3A003AADF7 /* CreateNewViewController.m */; };
		88DE01351C929F54003AADF7 /* MyCollectionViewCell.m in Sources */ = {isa = PBXBuildFile; fileRef = 88DE01321C929F54003AADF7 /* MyCollectionViewCell.m */; };
		88DE01361C929F54003AADF7 /* StickCollectionViewFlowLayout.m in Sources */ = {isa = PBXBuildFile; fileRef = 88DE01341C929F54003AADF7 /* StickCollectionViewFlowLayout.m */; };
		88DE01391C929F68003AADF7 /* RNNavigationController.m in Sources */ = {isa = PBXBuildFile; fileRef = 88DE01381C929F68003AADF7 /* RNNavigationController.m */; };
		88DE013C1C92A0D5003AADF7 /* UserViewController.m in Sources */ = {isa = PBXBuildFile; fileRef = 88DE013B1C92A0D5003AADF7 /* UserViewController.m */; };
		88DE013F1C92A19D003AADF7 /* UINavigationItem+CustomBackButton.m in Sources */ = {isa = PBXBuildFile; fileRef = 88DE013E1C92A19D003AADF7 /* UINavigationItem+CustomBackButton.m */; };
		88DE01451C92B146003AADF7 /* UIColor+Hex.m in Sources */ = {isa = PBXBuildFile; fileRef = 88DE01441C92B146003AADF7 /* UIColor+Hex.m */; };
		88DE014C1C92C427003AADF7 /* LoginViewController.m in Sources */ = {isa = PBXBuildFile; fileRef = 88DE014B1C92C427003AADF7 /* LoginViewController.m */; };
		88DE01501C92C49C003AADF7 /* LoginTextfield.m in Sources */ = {isa = PBXBuildFile; fileRef = 88DE014F1C92C49C003AADF7 /* LoginTextfield.m */; };
		D84CFC5D8C42BABA789EDF9D /* libPods.a in Frameworks */ = {isa = PBXBuildFile; fileRef = 973EE636FA21E1802513AF71 /* libPods.a */; };
/* End PBXBuildFile section */

/* Begin PBXContainerItemProxy section */
		88DE01001C929CF6003AADF7 /* PBXContainerItemProxy */ = {
			isa = PBXContainerItemProxy;
			containerPortal = 88DE00DE1C929CF6003AADF7 /* Project object */;
			proxyType = 1;
			remoteGlobalIDString = 88DE00E51C929CF6003AADF7;
			remoteInfo = OnlyNote;
		};
		88DE010B1C929CF6003AADF7 /* PBXContainerItemProxy */ = {
			isa = PBXContainerItemProxy;
			containerPortal = 88DE00DE1C929CF6003AADF7 /* Project object */;
			proxyType = 1;
			remoteGlobalIDString = 88DE00E51C929CF6003AADF7;
			remoteInfo = OnlyNote;
		};
/* End PBXContainerItemProxy section */

/* Begin PBXFileReference section */
		69F26DCC1C95C0B8002DA87A /* ProximaNova-Light.otf */ = {isa = PBXFileReference; lastKnownFileType = file; path = "ProximaNova-Light.otf"; sourceTree = "<group>"; };
		69F26DD01C95C0D1002DA87A /* Info.plist */ = {isa = PBXFileReference; fileEncoding = 4; lastKnownFileType = text.plist.xml; path = Info.plist; sourceTree = "<group>"; };
		69F26DD11C95C0D1002DA87A /* MASCompositeConstraint.h */ = {isa = PBXFileReference; fileEncoding = 4; lastKnownFileType = sourcecode.c.h; path = MASCompositeConstraint.h; sourceTree = "<group>"; };
		69F26DD21C95C0D1002DA87A /* MASCompositeConstraint.m */ = {isa = PBXFileReference; fileEncoding = 4; lastKnownFileType = sourcecode.c.objc; path = MASCompositeConstraint.m; sourceTree = "<group>"; };
		69F26DD31C95C0D1002DA87A /* MASConstraint+Private.h */ = {isa = PBXFileReference; fileEncoding = 4; lastKnownFileType = sourcecode.c.h; path = "MASConstraint+Private.h"; sourceTree = "<group>"; };
		69F26DD41C95C0D1002DA87A /* MASConstraint.h */ = {isa = PBXFileReference; fileEncoding = 4; lastKnownFileType = sourcecode.c.h; path = MASConstraint.h; sourceTree = "<group>"; };
		69F26DD51C95C0D1002DA87A /* MASConstraint.m */ = {isa = PBXFileReference; fileEncoding = 4; lastKnownFileType = sourcecode.c.objc; path = MASConstraint.m; sourceTree = "<group>"; };
		69F26DD61C95C0D1002DA87A /* MASConstraintMaker.h */ = {isa = PBXFileReference; fileEncoding = 4; lastKnownFileType = sourcecode.c.h; path = MASConstraintMaker.h; sourceTree = "<group>"; };
		69F26DD71C95C0D1002DA87A /* MASConstraintMaker.m */ = {isa = PBXFileReference; fileEncoding = 4; lastKnownFileType = sourcecode.c.objc; path = MASConstraintMaker.m; sourceTree = "<group>"; };
		69F26DD81C95C0D1002DA87A /* MASLayoutConstraint.h */ = {isa = PBXFileReference; fileEncoding = 4; lastKnownFileType = sourcecode.c.h; path = MASLayoutConstraint.h; sourceTree = "<group>"; };
		69F26DD91C95C0D1002DA87A /* MASLayoutConstraint.m */ = {isa = PBXFileReference; fileEncoding = 4; lastKnownFileType = sourcecode.c.objc; path = MASLayoutConstraint.m; sourceTree = "<group>"; };
		69F26DDA1C95C0D1002DA87A /* Masonry.h */ = {isa = PBXFileReference; fileEncoding = 4; lastKnownFileType = sourcecode.c.h; path = Masonry.h; sourceTree = "<group>"; };
		69F26DDB1C95C0D1002DA87A /* MASUtilities.h */ = {isa = PBXFileReference; fileEncoding = 4; lastKnownFileType = sourcecode.c.h; path = MASUtilities.h; sourceTree = "<group>"; };
		69F26DDC1C95C0D1002DA87A /* MASViewAttribute.h */ = {isa = PBXFileReference; fileEncoding = 4; lastKnownFileType = sourcecode.c.h; path = MASViewAttribute.h; sourceTree = "<group>"; };
		69F26DDD1C95C0D1002DA87A /* MASViewAttribute.m */ = {isa = PBXFileReference; fileEncoding = 4; lastKnownFileType = sourcecode.c.objc; path = MASViewAttribute.m; sourceTree = "<group>"; };
		69F26DDE1C95C0D1002DA87A /* MASViewConstraint.h */ = {isa = PBXFileReference; fileEncoding = 4; lastKnownFileType = sourcecode.c.h; path = MASViewConstraint.h; sourceTree = "<group>"; };
		69F26DDF1C95C0D1002DA87A /* MASViewConstraint.m */ = {isa = PBXFileReference; fileEncoding = 4; lastKnownFileType = sourcecode.c.objc; path = MASViewConstraint.m; sourceTree = "<group>"; };
		69F26DE01C95C0D1002DA87A /* NSArray+MASAdditions.h */ = {isa = PBXFileReference; fileEncoding = 4; lastKnownFileType = sourcecode.c.h; path = "NSArray+MASAdditions.h"; sourceTree = "<group>"; };
		69F26DE11C95C0D1002DA87A /* NSArray+MASAdditions.m */ = {isa = PBXFileReference; fileEncoding = 4; lastKnownFileType = sourcecode.c.objc; path = "NSArray+MASAdditions.m"; sourceTree = "<group>"; };
		69F26DE21C95C0D1002DA87A /* NSArray+MASShorthandAdditions.h */ = {isa = PBXFileReference; fileEncoding = 4; lastKnownFileType = sourcecode.c.h; path = "NSArray+MASShorthandAdditions.h"; sourceTree = "<group>"; };
		69F26DE31C95C0D1002DA87A /* NSLayoutConstraint+MASDebugAdditions.h */ = {isa = PBXFileReference; fileEncoding = 4; lastKnownFileType = sourcecode.c.h; path = "NSLayoutConstraint+MASDebugAdditions.h"; sourceTree = "<group>"; };
		69F26DE41C95C0D1002DA87A /* NSLayoutConstraint+MASDebugAdditions.m */ = {isa = PBXFileReference; fileEncoding = 4; lastKnownFileType = sourcecode.c.objc; path = "NSLayoutConstraint+MASDebugAdditions.m"; sourceTree = "<group>"; };
		69F26DE51C95C0D1002DA87A /* View+MASAdditions.h */ = {isa = PBXFileReference; fileEncoding = 4; lastKnownFileType = sourcecode.c.h; path = "View+MASAdditions.h"; sourceTree = "<group>"; };
		69F26DE61C95C0D1002DA87A /* View+MASAdditions.m */ = {isa = PBXFileReference; fileEncoding = 4; lastKnownFileType = sourcecode.c.objc; path = "View+MASAdditions.m"; sourceTree = "<group>"; };
		69F26DE71C95C0D1002DA87A /* View+MASShorthandAdditions.h */ = {isa = PBXFileReference; fileEncoding = 4; lastKnownFileType = sourcecode.c.h; path = "View+MASShorthandAdditions.h"; sourceTree = "<group>"; };
		69F26DE81C95C0D1002DA87A /* ViewController+MASAdditions.h */ = {isa = PBXFileReference; fileEncoding = 4; lastKnownFileType = sourcecode.c.h; path = "ViewController+MASAdditions.h"; sourceTree = "<group>"; };
		69F26DE91C95C0D1002DA87A /* ViewController+MASAdditions.m */ = {isa = PBXFileReference; fileEncoding = 4; lastKnownFileType = sourcecode.c.objc; path = "ViewController+MASAdditions.m"; sourceTree = "<group>"; };
		69F26DF71C95C0EC002DA87A /* LoginFieldView.h */ = {isa = PBXFileReference; fileEncoding = 4; lastKnownFileType = sourcecode.c.h; path = LoginFieldView.h; sourceTree = "<group>"; };
		69F26DF81C95C0EC002DA87A /* LoginFieldView.m */ = {isa = PBXFileReference; fileEncoding = 4; lastKnownFileType = sourcecode.c.objc; path = LoginFieldView.m; sourceTree = "<group>"; };
		69F26DFA1C95C10E002DA87A /* PrefixHeader.pch */ = {isa = PBXFileReference; fileEncoding = 4; lastKnownFileType = sourcecode.c.h; path = PrefixHeader.pch; sourceTree = "<group>"; };
		69F26DFC1C95C173002DA87A /* MKAnnotationView+WebCache.h */ = {isa = PBXFileReference; fileEncoding = 4; lastKnownFileType = sourcecode.c.h; path = "MKAnnotationView+WebCache.h"; sourceTree = "<group>"; };
		69F26DFD1C95C173002DA87A /* MKAnnotationView+WebCache.m */ = {isa = PBXFileReference; fileEncoding = 4; lastKnownFileType = sourcecode.c.objc; path = "MKAnnotationView+WebCache.m"; sourceTree = "<group>"; };
		69F26DFE1C95C173002DA87A /* NSData+ImageContentType.h */ = {isa = PBXFileReference; fileEncoding = 4; lastKnownFileType = sourcecode.c.h; path = "NSData+ImageContentType.h"; sourceTree = "<group>"; };
		69F26DFF1C95C173002DA87A /* NSData+ImageContentType.m */ = {isa = PBXFileReference; fileEncoding = 4; lastKnownFileType = sourcecode.c.objc; path = "NSData+ImageContentType.m"; sourceTree = "<group>"; };
		69F26E001C95C173002DA87A /* SDImageCache.h */ = {isa = PBXFileReference; fileEncoding = 4; lastKnownFileType = sourcecode.c.h; path = SDImageCache.h; sourceTree = "<group>"; };
		69F26E011C95C173002DA87A /* SDImageCache.m */ = {isa = PBXFileReference; fileEncoding = 4; lastKnownFileType = sourcecode.c.objc; path = SDImageCache.m; sourceTree = "<group>"; };
		69F26E021C95C173002DA87A /* SDWebImageCompat.h */ = {isa = PBXFileReference; fileEncoding = 4; lastKnownFileType = sourcecode.c.h; path = SDWebImageCompat.h; sourceTree = "<group>"; };
		69F26E031C95C173002DA87A /* SDWebImageCompat.m */ = {isa = PBXFileReference; fileEncoding = 4; lastKnownFileType = sourcecode.c.objc; path = SDWebImageCompat.m; sourceTree = "<group>"; };
		69F26E041C95C173002DA87A /* SDWebImageDecoder.h */ = {isa = PBXFileReference; fileEncoding = 4; lastKnownFileType = sourcecode.c.h; path = SDWebImageDecoder.h; sourceTree = "<group>"; };
		69F26E051C95C173002DA87A /* SDWebImageDecoder.m */ = {isa = PBXFileReference; fileEncoding = 4; lastKnownFileType = sourcecode.c.objc; path = SDWebImageDecoder.m; sourceTree = "<group>"; };
		69F26E061C95C173002DA87A /* SDWebImageDownloader.h */ = {isa = PBXFileReference; fileEncoding = 4; lastKnownFileType = sourcecode.c.h; path = SDWebImageDownloader.h; sourceTree = "<group>"; };
		69F26E071C95C173002DA87A /* SDWebImageDownloader.m */ = {isa = PBXFileReference; fileEncoding = 4; lastKnownFileType = sourcecode.c.objc; path = SDWebImageDownloader.m; sourceTree = "<group>"; };
		69F26E081C95C173002DA87A /* SDWebImageDownloaderOperation.h */ = {isa = PBXFileReference; fileEncoding = 4; lastKnownFileType = sourcecode.c.h; path = SDWebImageDownloaderOperation.h; sourceTree = "<group>"; };
		69F26E091C95C173002DA87A /* SDWebImageDownloaderOperation.m */ = {isa = PBXFileReference; fileEncoding = 4; lastKnownFileType = sourcecode.c.objc; path = SDWebImageDownloaderOperation.m; sourceTree = "<group>"; };
		69F26E0A1C95C173002DA87A /* SDWebImageManager.h */ = {isa = PBXFileReference; fileEncoding = 4; lastKnownFileType = sourcecode.c.h; path = SDWebImageManager.h; sourceTree = "<group>"; };
		69F26E0B1C95C173002DA87A /* SDWebImageManager.m */ = {isa = PBXFileReference; fileEncoding = 4; lastKnownFileType = sourcecode.c.objc; path = SDWebImageManager.m; sourceTree = "<group>"; };
		69F26E0C1C95C173002DA87A /* SDWebImageOperation.h */ = {isa = PBXFileReference; fileEncoding = 4; lastKnownFileType = sourcecode.c.h; path = SDWebImageOperation.h; sourceTree = "<group>"; };
		69F26E0D1C95C173002DA87A /* SDWebImagePrefetcher.h */ = {isa = PBXFileReference; fileEncoding = 4; lastKnownFileType = sourcecode.c.h; path = SDWebImagePrefetcher.h; sourceTree = "<group>"; };
		69F26E0E1C95C173002DA87A /* SDWebImagePrefetcher.m */ = {isa = PBXFileReference; fileEncoding = 4; lastKnownFileType = sourcecode.c.objc; path = SDWebImagePrefetcher.m; sourceTree = "<group>"; };
		69F26E0F1C95C173002DA87A /* UIButton+WebCache.h */ = {isa = PBXFileReference; fileEncoding = 4; lastKnownFileType = sourcecode.c.h; path = "UIButton+WebCache.h"; sourceTree = "<group>"; };
		69F26E101C95C173002DA87A /* UIButton+WebCache.m */ = {isa = PBXFileReference; fileEncoding = 4; lastKnownFileType = sourcecode.c.objc; path = "UIButton+WebCache.m"; sourceTree = "<group>"; };
		69F26E111C95C173002DA87A /* UIImage+GIF.h */ = {isa = PBXFileReference; fileEncoding = 4; lastKnownFileType = sourcecode.c.h; path = "UIImage+GIF.h"; sourceTree = "<group>"; };
		69F26E121C95C173002DA87A /* UIImage+GIF.m */ = {isa = PBXFileReference; fileEncoding = 4; lastKnownFileType = sourcecode.c.objc; path = "UIImage+GIF.m"; sourceTree = "<group>"; };
		69F26E131C95C173002DA87A /* UIImage+MultiFormat.h */ = {isa = PBXFileReference; fileEncoding = 4; lastKnownFileType = sourcecode.c.h; path = "UIImage+MultiFormat.h"; sourceTree = "<group>"; };
		69F26E141C95C173002DA87A /* UIImage+MultiFormat.m */ = {isa = PBXFileReference; fileEncoding = 4; lastKnownFileType = sourcecode.c.objc; path = "UIImage+MultiFormat.m"; sourceTree = "<group>"; };
		69F26E151C95C173002DA87A /* UIImage+WebP.h */ = {isa = PBXFileReference; fileEncoding = 4; lastKnownFileType = sourcecode.c.h; path = "UIImage+WebP.h"; sourceTree = "<group>"; };
		69F26E161C95C173002DA87A /* UIImage+WebP.m */ = {isa = PBXFileReference; fileEncoding = 4; lastKnownFileType = sourcecode.c.objc; path = "UIImage+WebP.m"; sourceTree = "<group>"; };
		69F26E171C95C173002DA87A /* UIImageView+HighlightedWebCache.h */ = {isa = PBXFileReference; fileEncoding = 4; lastKnownFileType = sourcecode.c.h; path = "UIImageView+HighlightedWebCache.h"; sourceTree = "<group>"; };
		69F26E181C95C173002DA87A /* UIImageView+HighlightedWebCache.m */ = {isa = PBXFileReference; fileEncoding = 4; lastKnownFileType = sourcecode.c.objc; path = "UIImageView+HighlightedWebCache.m"; sourceTree = "<group>"; };
		69F26E191C95C173002DA87A /* UIImageView+WebCache.h */ = {isa = PBXFileReference; fileEncoding = 4; lastKnownFileType = sourcecode.c.h; path = "UIImageView+WebCache.h"; sourceTree = "<group>"; };
		69F26E1A1C95C173002DA87A /* UIImageView+WebCache.m */ = {isa = PBXFileReference; fileEncoding = 4; lastKnownFileType = sourcecode.c.objc; path = "UIImageView+WebCache.m"; sourceTree = "<group>"; };
		69F26E1B1C95C173002DA87A /* UIView+WebCacheOperation.h */ = {isa = PBXFileReference; fileEncoding = 4; lastKnownFileType = sourcecode.c.h; path = "UIView+WebCacheOperation.h"; sourceTree = "<group>"; };
		69F26E1C1C95C173002DA87A /* UIView+WebCacheOperation.m */ = {isa = PBXFileReference; fileEncoding = 4; lastKnownFileType = sourcecode.c.objc; path = "UIView+WebCacheOperation.m"; sourceTree = "<group>"; };
		69F26E2D1C95C2D6002DA87A /* snowGif.gif */ = {isa = PBXFileReference; lastKnownFileType = image.gif; path = snowGif.gif; sourceTree = "<group>"; };
		7628CAA3F5C9732D6BAEC015 /* Pods.debug.xcconfig */ = {isa = PBXFileReference; includeInIndex = 1; lastKnownFileType = text.xcconfig; name = Pods.debug.xcconfig; path = "Pods/Target Support Files/Pods/Pods.debug.xcconfig"; sourceTree = "<group>"; };
		88DE00E61C929CF6003AADF7 /* OnlyNote.app */ = {isa = PBXFileReference; explicitFileType = wrapper.application; includeInIndex = 0; path = OnlyNote.app; sourceTree = BUILT_PRODUCTS_DIR; };
		88DE00EA1C929CF6003AADF7 /* main.m */ = {isa = PBXFileReference; lastKnownFileType = sourcecode.c.objc; path = main.m; sourceTree = "<group>"; };
		88DE00EC1C929CF6003AADF7 /* AppDelegate.h */ = {isa = PBXFileReference; lastKnownFileType = sourcecode.c.h; path = AppDelegate.h; sourceTree = "<group>"; };
		88DE00ED1C929CF6003AADF7 /* AppDelegate.m */ = {isa = PBXFileReference; lastKnownFileType = sourcecode.c.objc; path = AppDelegate.m; sourceTree = "<group>"; };
		88DE00F31C929CF6003AADF7 /* Base */ = {isa = PBXFileReference; lastKnownFileType = file.storyboard; name = Base; path = Base.lproj/Main.storyboard; sourceTree = "<group>"; };
		88DE00F51C929CF6003AADF7 /* Assets.xcassets */ = {isa = PBXFileReference; lastKnownFileType = folder.assetcatalog; path = Assets.xcassets; sourceTree = "<group>"; };
		88DE00F81C929CF6003AADF7 /* Base */ = {isa = PBXFileReference; lastKnownFileType = file.storyboard; name = Base; path = Base.lproj/LaunchScreen.storyboard; sourceTree = "<group>"; };
		88DE00FA1C929CF6003AADF7 /* Info.plist */ = {isa = PBXFileReference; lastKnownFileType = text.plist.xml; path = Info.plist; sourceTree = "<group>"; };
		88DE00FF1C929CF6003AADF7 /* OnlyNoteTests.xctest */ = {isa = PBXFileReference; explicitFileType = wrapper.cfbundle; includeInIndex = 0; path = OnlyNoteTests.xctest; sourceTree = BUILT_PRODUCTS_DIR; };
		88DE01031C929CF6003AADF7 /* OnlyNoteTests.m */ = {isa = PBXFileReference; lastKnownFileType = sourcecode.c.objc; path = OnlyNoteTests.m; sourceTree = "<group>"; };
		88DE01051C929CF6003AADF7 /* Info.plist */ = {isa = PBXFileReference; lastKnownFileType = text.plist.xml; path = Info.plist; sourceTree = "<group>"; };
		88DE010A1C929CF6003AADF7 /* OnlyNoteUITests.xctest */ = {isa = PBXFileReference; explicitFileType = wrapper.cfbundle; includeInIndex = 0; path = OnlyNoteUITests.xctest; sourceTree = BUILT_PRODUCTS_DIR; };
		88DE010E1C929CF6003AADF7 /* OnlyNoteUITests.m */ = {isa = PBXFileReference; lastKnownFileType = sourcecode.c.objc; path = OnlyNoteUITests.m; sourceTree = "<group>"; };
		88DE01101C929CF6003AADF7 /* Info.plist */ = {isa = PBXFileReference; lastKnownFileType = text.plist.xml; path = Info.plist; sourceTree = "<group>"; };
		88DE01281C929EF3003AADF7 /* HomeViewController.h */ = {isa = PBXFileReference; fileEncoding = 4; lastKnownFileType = sourcecode.c.h; path = HomeViewController.h; sourceTree = "<group>"; };
		88DE01291C929EF3003AADF7 /* HomeViewController.m */ = {isa = PBXFileReference; fileEncoding = 4; lastKnownFileType = sourcecode.c.objc; path = HomeViewController.m; sourceTree = "<group>"; };
		88DE012B1C929F0D003AADF7 /* DetailViewController.h */ = {isa = PBXFileReference; fileEncoding = 4; lastKnownFileType = sourcecode.c.h; path = DetailViewController.h; sourceTree = "<group>"; };
		88DE012C1C929F0D003AADF7 /* DetailViewController.m */ = {isa = PBXFileReference; fileEncoding = 4; lastKnownFileType = sourcecode.c.objc; path = DetailViewController.m; sourceTree = "<group>"; };
		88DE012E1C929F3A003AADF7 /* CreateNewViewController.h */ = {isa = PBXFileReference; fileEncoding = 4; lastKnownFileType = sourcecode.c.h; path = CreateNewViewController.h; sourceTree = "<group>"; };
		88DE012F1C929F3A003AADF7 /* CreateNewViewController.m */ = {isa = PBXFileReference; fileEncoding = 4; lastKnownFileType = sourcecode.c.objc; path = CreateNewViewController.m; sourceTree = "<group>"; };
		88DE01311C929F54003AADF7 /* MyCollectionViewCell.h */ = {isa = PBXFileReference; fileEncoding = 4; lastKnownFileType = sourcecode.c.h; path = MyCollectionViewCell.h; sourceTree = "<group>"; };
		88DE01321C929F54003AADF7 /* MyCollectionViewCell.m */ = {isa = PBXFileReference; fileEncoding = 4; lastKnownFileType = sourcecode.c.objc; path = MyCollectionViewCell.m; sourceTree = "<group>"; };
		88DE01331C929F54003AADF7 /* StickCollectionViewFlowLayout.h */ = {isa = PBXFileReference; fileEncoding = 4; lastKnownFileType = sourcecode.c.h; path = StickCollectionViewFlowLayout.h; sourceTree = "<group>"; };
		88DE01341C929F54003AADF7 /* StickCollectionViewFlowLayout.m */ = {isa = PBXFileReference; fileEncoding = 4; lastKnownFileType = sourcecode.c.objc; path = StickCollectionViewFlowLayout.m; sourceTree = "<group>"; };
		88DE01371C929F68003AADF7 /* RNNavigationController.h */ = {isa = PBXFileReference; fileEncoding = 4; lastKnownFileType = sourcecode.c.h; path = RNNavigationController.h; sourceTree = "<group>"; };
		88DE01381C929F68003AADF7 /* RNNavigationController.m */ = {isa = PBXFileReference; fileEncoding = 4; lastKnownFileType = sourcecode.c.objc; path = RNNavigationController.m; sourceTree = "<group>"; };
		88DE013A1C92A0D5003AADF7 /* UserViewController.h */ = {isa = PBXFileReference; fileEncoding = 4; lastKnownFileType = sourcecode.c.h; path = UserViewController.h; sourceTree = "<group>"; };
		88DE013B1C92A0D5003AADF7 /* UserViewController.m */ = {isa = PBXFileReference; fileEncoding = 4; lastKnownFileType = sourcecode.c.objc; path = UserViewController.m; sourceTree = "<group>"; };
		88DE013D1C92A19D003AADF7 /* UINavigationItem+CustomBackButton.h */ = {isa = PBXFileReference; fileEncoding = 4; lastKnownFileType = sourcecode.c.h; path = "UINavigationItem+CustomBackButton.h"; sourceTree = "<group>"; };
		88DE013E1C92A19D003AADF7 /* UINavigationItem+CustomBackButton.m */ = {isa = PBXFileReference; fileEncoding = 4; lastKnownFileType = sourcecode.c.objc; path = "UINavigationItem+CustomBackButton.m"; sourceTree = "<group>"; };
		88DE01431C92B146003AADF7 /* UIColor+Hex.h */ = {isa = PBXFileReference; fileEncoding = 4; lastKnownFileType = sourcecode.c.h; path = "UIColor+Hex.h"; sourceTree = "<group>"; };
		88DE01441C92B146003AADF7 /* UIColor+Hex.m */ = {isa = PBXFileReference; fileEncoding = 4; lastKnownFileType = sourcecode.c.objc; path = "UIColor+Hex.m"; sourceTree = "<group>"; };
		88DE014A1C92C427003AADF7 /* LoginViewController.h */ = {isa = PBXFileReference; fileEncoding = 4; lastKnownFileType = sourcecode.c.h; path = LoginViewController.h; sourceTree = "<group>"; };
		88DE014B1C92C427003AADF7 /* LoginViewController.m */ = {isa = PBXFileReference; fileEncoding = 4; lastKnownFileType = sourcecode.c.objc; path = LoginViewController.m; sourceTree = "<group>"; };
		88DE014E1C92C49C003AADF7 /* LoginTextfield.h */ = {isa = PBXFileReference; fileEncoding = 4; lastKnownFileType = sourcecode.c.h; path = LoginTextfield.h; sourceTree = "<group>"; };
		88DE014F1C92C49C003AADF7 /* LoginTextfield.m */ = {isa = PBXFileReference; fileEncoding = 4; lastKnownFileType = sourcecode.c.objc; path = LoginTextfield.m; sourceTree = "<group>"; };
		973EE636FA21E1802513AF71 /* libPods.a */ = {isa = PBXFileReference; explicitFileType = archive.ar; includeInIndex = 0; path = libPods.a; sourceTree = BUILT_PRODUCTS_DIR; };
		E3C70C264AD1B0374144BD9D /* Pods.release.xcconfig */ = {isa = PBXFileReference; includeInIndex = 1; lastKnownFileType = text.xcconfig; name = Pods.release.xcconfig; path = "Pods/Target Support Files/Pods/Pods.release.xcconfig"; sourceTree = "<group>"; };
/* End PBXFileReference section */

/* Begin PBXFrameworksBuildPhase section */
		88DE00E31C929CF6003AADF7 /* Frameworks */ = {
			isa = PBXFrameworksBuildPhase;
			buildActionMask = 2147483647;
			files = (
				D84CFC5D8C42BABA789EDF9D /* libPods.a in Frameworks */,
			);
			runOnlyForDeploymentPostprocessing = 0;
		};
		88DE00FC1C929CF6003AADF7 /* Frameworks */ = {
			isa = PBXFrameworksBuildPhase;
			buildActionMask = 2147483647;
			files = (
			);
			runOnlyForDeploymentPostprocessing = 0;
		};
		88DE01071C929CF6003AADF7 /* Frameworks */ = {
			isa = PBXFrameworksBuildPhase;
			buildActionMask = 2147483647;
			files = (
			);
			runOnlyForDeploymentPostprocessing = 0;
		};
/* End PBXFrameworksBuildPhase section */

/* Begin PBXGroup section */
		35524CA987A5BB05FC150599 /* Frameworks */ = {
			isa = PBXGroup;
			children = (
				973EE636FA21E1802513AF71 /* libPods.a */,
			);
			name = Frameworks;
			sourceTree = "<group>";
		};
		69F26DCB1C95C0B8002DA87A /* DataSource */ = {
			isa = PBXGroup;
			children = (
				69F26DCC1C95C0B8002DA87A /* ProximaNova-Light.otf */,
				69F26E2D1C95C2D6002DA87A /* snowGif.gif */,
			);
			path = DataSource;
			sourceTree = "<group>";
		};
		69F26DCE1C95C0D1002DA87A /* ThirdPartyLib */ = {
			isa = PBXGroup;
			children = (
				69F26DFB1C95C173002DA87A /* SDWebImage */,
				69F26DCF1C95C0D1002DA87A /* Masonry */,
			);
			path = ThirdPartyLib;
			sourceTree = "<group>";
		};
		69F26DCF1C95C0D1002DA87A /* Masonry */ = {
			isa = PBXGroup;
			children = (
				69F26DD01C95C0D1002DA87A /* Info.plist */,
				69F26DD11C95C0D1002DA87A /* MASCompositeConstraint.h */,
				69F26DD21C95C0D1002DA87A /* MASCompositeConstraint.m */,
				69F26DD31C95C0D1002DA87A /* MASConstraint+Private.h */,
				69F26DD41C95C0D1002DA87A /* MASConstraint.h */,
				69F26DD51C95C0D1002DA87A /* MASConstraint.m */,
				69F26DD61C95C0D1002DA87A /* MASConstraintMaker.h */,
				69F26DD71C95C0D1002DA87A /* MASConstraintMaker.m */,
				69F26DD81C95C0D1002DA87A /* MASLayoutConstraint.h */,
				69F26DD91C95C0D1002DA87A /* MASLayoutConstraint.m */,
				69F26DDA1C95C0D1002DA87A /* Masonry.h */,
				69F26DDB1C95C0D1002DA87A /* MASUtilities.h */,
				69F26DDC1C95C0D1002DA87A /* MASViewAttribute.h */,
				69F26DDD1C95C0D1002DA87A /* MASViewAttribute.m */,
				69F26DDE1C95C0D1002DA87A /* MASViewConstraint.h */,
				69F26DDF1C95C0D1002DA87A /* MASViewConstraint.m */,
				69F26DE01C95C0D1002DA87A /* NSArray+MASAdditions.h */,
				69F26DE11C95C0D1002DA87A /* NSArray+MASAdditions.m */,
				69F26DE21C95C0D1002DA87A /* NSArray+MASShorthandAdditions.h */,
				69F26DE31C95C0D1002DA87A /* NSLayoutConstraint+MASDebugAdditions.h */,
				69F26DE41C95C0D1002DA87A /* NSLayoutConstraint+MASDebugAdditions.m */,
				69F26DE51C95C0D1002DA87A /* View+MASAdditions.h */,
				69F26DE61C95C0D1002DA87A /* View+MASAdditions.m */,
				69F26DE71C95C0D1002DA87A /* View+MASShorthandAdditions.h */,
				69F26DE81C95C0D1002DA87A /* ViewController+MASAdditions.h */,
				69F26DE91C95C0D1002DA87A /* ViewController+MASAdditions.m */,
			);
			path = Masonry;
			sourceTree = "<group>";
		};
		69F26DFB1C95C173002DA87A /* SDWebImage */ = {
			isa = PBXGroup;
			children = (
				69F26DFC1C95C173002DA87A /* MKAnnotationView+WebCache.h */,
				69F26DFD1C95C173002DA87A /* MKAnnotationView+WebCache.m */,
				69F26DFE1C95C173002DA87A /* NSData+ImageContentType.h */,
				69F26DFF1C95C173002DA87A /* NSData+ImageContentType.m */,
				69F26E001C95C173002DA87A /* SDImageCache.h */,
				69F26E011C95C173002DA87A /* SDImageCache.m */,
				69F26E021C95C173002DA87A /* SDWebImageCompat.h */,
				69F26E031C95C173002DA87A /* SDWebImageCompat.m */,
				69F26E041C95C173002DA87A /* SDWebImageDecoder.h */,
				69F26E051C95C173002DA87A /* SDWebImageDecoder.m */,
				69F26E061C95C173002DA87A /* SDWebImageDownloader.h */,
				69F26E071C95C173002DA87A /* SDWebImageDownloader.m */,
				69F26E081C95C173002DA87A /* SDWebImageDownloaderOperation.h */,
				69F26E091C95C173002DA87A /* SDWebImageDownloaderOperation.m */,
				69F26E0A1C95C173002DA87A /* SDWebImageManager.h */,
				69F26E0B1C95C173002DA87A /* SDWebImageManager.m */,
				69F26E0C1C95C173002DA87A /* SDWebImageOperation.h */,
				69F26E0D1C95C173002DA87A /* SDWebImagePrefetcher.h */,
				69F26E0E1C95C173002DA87A /* SDWebImagePrefetcher.m */,
				69F26E0F1C95C173002DA87A /* UIButton+WebCache.h */,
				69F26E101C95C173002DA87A /* UIButton+WebCache.m */,
				69F26E111C95C173002DA87A /* UIImage+GIF.h */,
				69F26E121C95C173002DA87A /* UIImage+GIF.m */,
				69F26E131C95C173002DA87A /* UIImage+MultiFormat.h */,
				69F26E141C95C173002DA87A /* UIImage+MultiFormat.m */,
				69F26E151C95C173002DA87A /* UIImage+WebP.h */,
				69F26E161C95C173002DA87A /* UIImage+WebP.m */,
				69F26E171C95C173002DA87A /* UIImageView+HighlightedWebCache.h */,
				69F26E181C95C173002DA87A /* UIImageView+HighlightedWebCache.m */,
				69F26E191C95C173002DA87A /* UIImageView+WebCache.h */,
				69F26E1A1C95C173002DA87A /* UIImageView+WebCache.m */,
				69F26E1B1C95C173002DA87A /* UIView+WebCacheOperation.h */,
				69F26E1C1C95C173002DA87A /* UIView+WebCacheOperation.m */,
			);
			path = SDWebImage;
			sourceTree = "<group>";
		};
		88DE00DD1C929CF6003AADF7 = {
			isa = PBXGroup;
			children = (
				88DE00E81C929CF6003AADF7 /* OnlyNote */,
				88DE01021C929CF6003AADF7 /* OnlyNoteTests */,
				88DE010D1C929CF6003AADF7 /* OnlyNoteUITests */,
				88DE00E71C929CF6003AADF7 /* Products */,
				F573D056B54A434558AE7BCC /* Pods */,
				35524CA987A5BB05FC150599 /* Frameworks */,
			);
			sourceTree = "<group>";
		};
		88DE00E71C929CF6003AADF7 /* Products */ = {
			isa = PBXGroup;
			children = (
				88DE00E61C929CF6003AADF7 /* OnlyNote.app */,
				88DE00FF1C929CF6003AADF7 /* OnlyNoteTests.xctest */,
				88DE010A1C929CF6003AADF7 /* OnlyNoteUITests.xctest */,
			);
			name = Products;
			sourceTree = "<group>";
		};
		88DE00E81C929CF6003AADF7 /* OnlyNote */ = {
			isa = PBXGroup;
			children = (
				88DE011C1C929EA1003AADF7 /* Categories */,
				88DE011D1C929EA1003AADF7 /* Classes */,
				88DE01261C929EA1003AADF7 /* Frameworks */,
				69F26DCB1C95C0B8002DA87A /* DataSource */,
				69F26DCE1C95C0D1002DA87A /* ThirdPartyLib */,
				88DE00EC1C929CF6003AADF7 /* AppDelegate.h */,
				88DE00ED1C929CF6003AADF7 /* AppDelegate.m */,
				88DE00F21C929CF6003AADF7 /* Main.storyboard */,
				88DE00F51C929CF6003AADF7 /* Assets.xcassets */,
				88DE00F71C929CF6003AADF7 /* LaunchScreen.storyboard */,
				88DE00FA1C929CF6003AADF7 /* Info.plist */,
				88DE00E91C929CF6003AADF7 /* Supporting Files */,
			);
			path = OnlyNote;
			sourceTree = "<group>";
		};
		88DE00E91C929CF6003AADF7 /* Supporting Files */ = {
			isa = PBXGroup;
			children = (
				69F26DFA1C95C10E002DA87A /* PrefixHeader.pch */,
				88DE00EA1C929CF6003AADF7 /* main.m */,
			);
			name = "Supporting Files";
			sourceTree = "<group>";
		};
		88DE01021C929CF6003AADF7 /* OnlyNoteTests */ = {
			isa = PBXGroup;
			children = (
				88DE01031C929CF6003AADF7 /* OnlyNoteTests.m */,
				88DE01051C929CF6003AADF7 /* Info.plist */,
			);
			path = OnlyNoteTests;
			sourceTree = "<group>";
		};
		88DE010D1C929CF6003AADF7 /* OnlyNoteUITests */ = {
			isa = PBXGroup;
			children = (
				88DE010E1C929CF6003AADF7 /* OnlyNoteUITests.m */,
				88DE01101C929CF6003AADF7 /* Info.plist */,
			);
			path = OnlyNoteUITests;
			sourceTree = "<group>";
		};
		88DE011C1C929EA1003AADF7 /* Categories */ = {
			isa = PBXGroup;
			children = (
				88DE01431C92B146003AADF7 /* UIColor+Hex.h */,
				88DE01441C92B146003AADF7 /* UIColor+Hex.m */,
				88DE013D1C92A19D003AADF7 /* UINavigationItem+CustomBackButton.h */,
				88DE013E1C92A19D003AADF7 /* UINavigationItem+CustomBackButton.m */,
			);
			path = Categories;
			sourceTree = "<group>";
		};
		88DE011D1C929EA1003AADF7 /* Classes */ = {
			isa = PBXGroup;
			children = (
				88DE01481C92C3AD003AADF7 /* login */,
				88DE011E1C929EA1003AADF7 /* Home */,
				88DE01221C929EA1003AADF7 /* User */,
			);
			path = Classes;
			sourceTree = "<group>";
		};
		88DE011E1C929EA1003AADF7 /* Home */ = {
			isa = PBXGroup;
			children = (
				88DE011F1C929EA1003AADF7 /* Cell */,
				88DE01201C929EA1003AADF7 /* Controllers */,
				88DE01211C929EA1003AADF7 /* Model */,
			);
			path = Home;
			sourceTree = "<group>";
		};
		88DE011F1C929EA1003AADF7 /* Cell */ = {
			isa = PBXGroup;
			children = (
				88DE01311C929F54003AADF7 /* MyCollectionViewCell.h */,
				88DE01321C929F54003AADF7 /* MyCollectionViewCell.m */,
				88DE01331C929F54003AADF7 /* StickCollectionViewFlowLayout.h */,
				88DE01341C929F54003AADF7 /* StickCollectionViewFlowLayout.m */,
			);
			path = Cell;
			sourceTree = "<group>";
		};
		88DE01201C929EA1003AADF7 /* Controllers */ = {
			isa = PBXGroup;
			children = (
				88DE01371C929F68003AADF7 /* RNNavigationController.h */,
				88DE01381C929F68003AADF7 /* RNNavigationController.m */,
				88DE01281C929EF3003AADF7 /* HomeViewController.h */,
				88DE01291C929EF3003AADF7 /* HomeViewController.m */,
				88DE012B1C929F0D003AADF7 /* DetailViewController.h */,
				88DE012C1C929F0D003AADF7 /* DetailViewController.m */,
				88DE012E1C929F3A003AADF7 /* CreateNewViewController.h */,
				88DE012F1C929F3A003AADF7 /* CreateNewViewController.m */,
			);
			path = Controllers;
			sourceTree = "<group>";
		};
		88DE01211C929EA1003AADF7 /* Model */ = {
			isa = PBXGroup;
			children = (
			);
			path = Model;
			sourceTree = "<group>";
		};
		88DE01221C929EA1003AADF7 /* User */ = {
			isa = PBXGroup;
			children = (
				88DE01231C929EA1003AADF7 /* Cell */,
				88DE01241C929EA1003AADF7 /* Controllers */,
				88DE01251C929EA1003AADF7 /* Model */,
			);
			path = User;
			sourceTree = "<group>";
		};
		88DE01231C929EA1003AADF7 /* Cell */ = {
			isa = PBXGroup;
			children = (
			);
			path = Cell;
			sourceTree = "<group>";
		};
		88DE01241C929EA1003AADF7 /* Controllers */ = {
			isa = PBXGroup;
			children = (
				88DE013A1C92A0D5003AADF7 /* UserViewController.h */,
				88DE013B1C92A0D5003AADF7 /* UserViewController.m */,
			);
			path = Controllers;
			sourceTree = "<group>";
		};
		88DE01251C929EA1003AADF7 /* Model */ = {
			isa = PBXGroup;
			children = (
			);
			path = Model;
			sourceTree = "<group>";
		};
		88DE01261C929EA1003AADF7 /* Frameworks */ = {
			isa = PBXGroup;
			children = (
			);
			path = Frameworks;
			sourceTree = "<group>";
		};
		88DE01481C92C3AD003AADF7 /* login */ = {
			isa = PBXGroup;
			children = (
				88DE014D1C92C473003AADF7 /* views */,
				88DE01491C92C3AD003AADF7 /* controller */,
			);
			path = login;
			sourceTree = "<group>";
		};
		88DE01491C92C3AD003AADF7 /* controller */ = {
			isa = PBXGroup;
			children = (
				88DE014A1C92C427003AADF7 /* LoginViewController.h */,
				88DE014B1C92C427003AADF7 /* LoginViewController.m */,
			);
			path = controller;
			sourceTree = "<group>";
		};
		88DE014D1C92C473003AADF7 /* views */ = {
			isa = PBXGroup;
			children = (
				88DE014E1C92C49C003AADF7 /* LoginTextfield.h */,
				88DE014F1C92C49C003AADF7 /* LoginTextfield.m */,
				69F26DF71C95C0EC002DA87A /* LoginFieldView.h */,
				69F26DF81C95C0EC002DA87A /* LoginFieldView.m */,
			);
			path = views;
			sourceTree = "<group>";
		};
		F573D056B54A434558AE7BCC /* Pods */ = {
			isa = PBXGroup;
			children = (
				7628CAA3F5C9732D6BAEC015 /* Pods.debug.xcconfig */,
				E3C70C264AD1B0374144BD9D /* Pods.release.xcconfig */,
			);
			name = Pods;
			sourceTree = "<group>";
		};
/* End PBXGroup section */

/* Begin PBXNativeTarget section */
		88DE00E51C929CF6003AADF7 /* OnlyNote */ = {
			isa = PBXNativeTarget;
			buildConfigurationList = 88DE01131C929CF6003AADF7 /* Build configuration list for PBXNativeTarget "OnlyNote" */;
			buildPhases = (
				9CAB6FD98E3FEC590E1758A9 /* Check Pods Manifest.lock */,
				88DE00E21C929CF6003AADF7 /* Sources */,
				88DE00E31C929CF6003AADF7 /* Frameworks */,
				88DE00E41C929CF6003AADF7 /* Resources */,
				4E909224EBBD6144F0A8B0CE /* Embed Pods Frameworks */,
				961A8514CCF89BEF17A52A7F /* Copy Pods Resources */,
			);
			buildRules = (
			);
			dependencies = (
			);
			name = OnlyNote;
			productName = OnlyNote;
			productReference = 88DE00E61C929CF6003AADF7 /* OnlyNote.app */;
			productType = "com.apple.product-type.application";
		};
		88DE00FE1C929CF6003AADF7 /* OnlyNoteTests */ = {
			isa = PBXNativeTarget;
			buildConfigurationList = 88DE01161C929CF6003AADF7 /* Build configuration list for PBXNativeTarget "OnlyNoteTests" */;
			buildPhases = (
				88DE00FB1C929CF6003AADF7 /* Sources */,
				88DE00FC1C929CF6003AADF7 /* Frameworks */,
				88DE00FD1C929CF6003AADF7 /* Resources */,
			);
			buildRules = (
			);
			dependencies = (
				88DE01011C929CF6003AADF7 /* PBXTargetDependency */,
			);
			name = OnlyNoteTests;
			productName = OnlyNoteTests;
			productReference = 88DE00FF1C929CF6003AADF7 /* OnlyNoteTests.xctest */;
			productType = "com.apple.product-type.bundle.unit-test";
		};
		88DE01091C929CF6003AADF7 /* OnlyNoteUITests */ = {
			isa = PBXNativeTarget;
			buildConfigurationList = 88DE01191C929CF6003AADF7 /* Build configuration list for PBXNativeTarget "OnlyNoteUITests" */;
			buildPhases = (
				88DE01061C929CF6003AADF7 /* Sources */,
				88DE01071C929CF6003AADF7 /* Frameworks */,
				88DE01081C929CF6003AADF7 /* Resources */,
			);
			buildRules = (
			);
			dependencies = (
				88DE010C1C929CF6003AADF7 /* PBXTargetDependency */,
			);
			name = OnlyNoteUITests;
			productName = OnlyNoteUITests;
			productReference = 88DE010A1C929CF6003AADF7 /* OnlyNoteUITests.xctest */;
			productType = "com.apple.product-type.bundle.ui-testing";
		};
/* End PBXNativeTarget section */

/* Begin PBXProject section */
		88DE00DE1C929CF6003AADF7 /* Project object */ = {
			isa = PBXProject;
			attributes = {
				LastUpgradeCheck = 0710;
				ORGANIZATIONNAME = IMac;
				TargetAttributes = {
					88DE00E51C929CF6003AADF7 = {
						CreatedOnToolsVersion = 7.1;
					};
					88DE00FE1C929CF6003AADF7 = {
						CreatedOnToolsVersion = 7.1;
						TestTargetID = 88DE00E51C929CF6003AADF7;
					};
					88DE01091C929CF6003AADF7 = {
						CreatedOnToolsVersion = 7.1;
						TestTargetID = 88DE00E51C929CF6003AADF7;
					};
				};
			};
			buildConfigurationList = 88DE00E11C929CF6003AADF7 /* Build configuration list for PBXProject "OnlyNote" */;
			compatibilityVersion = "Xcode 3.2";
			developmentRegion = English;
			hasScannedForEncodings = 0;
			knownRegions = (
				en,
				Base,
			);
			mainGroup = 88DE00DD1C929CF6003AADF7;
			productRefGroup = 88DE00E71C929CF6003AADF7 /* Products */;
			projectDirPath = "";
			projectRoot = "";
			targets = (
				88DE00E51C929CF6003AADF7 /* OnlyNote */,
				88DE00FE1C929CF6003AADF7 /* OnlyNoteTests */,
				88DE01091C929CF6003AADF7 /* OnlyNoteUITests */,
			);
		};
/* End PBXProject section */

/* Begin PBXResourcesBuildPhase section */
		88DE00E41C929CF6003AADF7 /* Resources */ = {
			isa = PBXResourcesBuildPhase;
			buildActionMask = 2147483647;
			files = (
				69F26E2E1C95C2D6002DA87A /* snowGif.gif in Resources */,
				88DE00F91C929CF6003AADF7 /* LaunchScreen.storyboard in Resources */,
				69F26DCD1C95C0B8002DA87A /* ProximaNova-Light.otf in Resources */,
				88DE00F61C929CF6003AADF7 /* Assets.xcassets in Resources */,
				69F26DEC1C95C0D1002DA87A /* Info.plist in Resources */,
				88DE00F41C929CF6003AADF7 /* Main.storyboard in Resources */,
			);
			runOnlyForDeploymentPostprocessing = 0;
		};
		88DE00FD1C929CF6003AADF7 /* Resources */ = {
			isa = PBXResourcesBuildPhase;
			buildActionMask = 2147483647;
			files = (
			);
			runOnlyForDeploymentPostprocessing = 0;
		};
		88DE01081C929CF6003AADF7 /* Resources */ = {
			isa = PBXResourcesBuildPhase;
			buildActionMask = 2147483647;
			files = (
			);
			runOnlyForDeploymentPostprocessing = 0;
		};
/* End PBXResourcesBuildPhase section */

/* Begin PBXShellScriptBuildPhase section */
		4E909224EBBD6144F0A8B0CE /* Embed Pods Frameworks */ = {
			isa = PBXShellScriptBuildPhase;
			buildActionMask = 2147483647;
			files = (
			);
			inputPaths = (
			);
			name = "Embed Pods Frameworks";
			outputPaths = (
			);
			runOnlyForDeploymentPostprocessing = 0;
			shellPath = /bin/sh;
			shellScript = "\"${SRCROOT}/Pods/Target Support Files/Pods/Pods-frameworks.sh\"\n";
			showEnvVarsInLog = 0;
		};
		961A8514CCF89BEF17A52A7F /* Copy Pods Resources */ = {
			isa = PBXShellScriptBuildPhase;
			buildActionMask = 2147483647;
			files = (
			);
			inputPaths = (
			);
			name = "Copy Pods Resources";
			outputPaths = (
			);
			runOnlyForDeploymentPostprocessing = 0;
			shellPath = /bin/sh;
			shellScript = "\"${SRCROOT}/Pods/Target Support Files/Pods/Pods-resources.sh\"\n";
			showEnvVarsInLog = 0;
		};
		9CAB6FD98E3FEC590E1758A9 /* Check Pods Manifest.lock */ = {
			isa = PBXShellScriptBuildPhase;
			buildActionMask = 2147483647;
			files = (
			);
			inputPaths = (
			);
			name = "Check Pods Manifest.lock";
			outputPaths = (
			);
			runOnlyForDeploymentPostprocessing = 0;
			shellPath = /bin/sh;
			shellScript = "diff \"${PODS_ROOT}/../Podfile.lock\" \"${PODS_ROOT}/Manifest.lock\" > /dev/null\nif [[ $? != 0 ]] ; then\n    cat << EOM\nerror: The sandbox is not in sync with the Podfile.lock. Run 'pod install' or update your CocoaPods installation.\nEOM\n    exit 1\nfi\n";
			showEnvVarsInLog = 0;
		};
/* End PBXShellScriptBuildPhase section */

/* Begin PBXSourcesBuildPhase section */
		88DE00E21C929CF6003AADF7 /* Sources */ = {
			isa = PBXSourcesBuildPhase;
			buildActionMask = 2147483647;
			files = (
				69F26E2F1C95C33E002DA87A /* ProximaNova-Light.otf in Sources */,
				88DE013C1C92A0D5003AADF7 /* UserViewController.m in Sources */,
				69F26E261C95C173002DA87A /* UIButton+WebCache.m in Sources */,
				69F26E241C95C173002DA87A /* SDWebImageManager.m in Sources */,
				88DE00EE1C929CF6003AADF7 /* AppDelegate.m in Sources */,
				69F26DF41C95C0D1002DA87A /* NSLayoutConstraint+MASDebugAdditions.m in Sources */,
				88DE00EB1C929CF6003AADF7 /* main.m in Sources */,
				69F26E221C95C173002DA87A /* SDWebImageDownloader.m in Sources */,
				69F26DF21C95C0D1002DA87A /* MASViewConstraint.m in Sources */,
				69F26E201C95C173002DA87A /* SDWebImageCompat.m in Sources */,
				88DE01351C929F54003AADF7 /* MyCollectionViewCell.m in Sources */,
				69F26DF51C95C0D1002DA87A /* View+MASAdditions.m in Sources */,
				88DE013F1C92A19D003AADF7 /* UINavigationItem+CustomBackButton.m in Sources */,
				69F26E2C1C95C173002DA87A /* UIView+WebCacheOperation.m in Sources */,
				69F26DF11C95C0D1002DA87A /* MASViewAttribute.m in Sources */,
				69F26DEF1C95C0D1002DA87A /* MASConstraintMaker.m in Sources */,
				69F26E2B1C95C173002DA87A /* UIImageView+WebCache.m in Sources */,
				69F26E291C95C173002DA87A /* UIImage+WebP.m in Sources */,
				69F26E1F1C95C173002DA87A /* SDImageCache.m in Sources */,
				88DE012A1C929EF3003AADF7 /* HomeViewController.m in Sources */,
				69F26E281C95C173002DA87A /* UIImage+MultiFormat.m in Sources */,
				69F26E231C95C173002DA87A /* SDWebImageDownloaderOperation.m in Sources */,
				69F26DF91C95C0EC002DA87A /* LoginFieldView.m in Sources */,
				69F26E2A1C95C173002DA87A /* UIImageView+HighlightedWebCache.m in Sources */,
				88DE01301C929F3A003AADF7 /* CreateNewViewController.m in Sources */,
				88DE01361C929F54003AADF7 /* StickCollectionViewFlowLayout.m in Sources */,
				69F26DF61C95C0D1002DA87A /* ViewController+MASAdditions.m in Sources */,
				88DE01501C92C49C003AADF7 /* LoginTextfield.m in Sources */,
				69F26E1E1C95C173002DA87A /* NSData+ImageContentType.m in Sources */,
				69F26DF31C95C0D1002DA87A /* NSArray+MASAdditions.m in Sources */,
				88DE014C1C92C427003AADF7 /* LoginViewController.m in Sources */,
				69F26DF01C95C0D1002DA87A /* MASLayoutConstraint.m in Sources */,
				69F26E211C95C173002DA87A /* SDWebImageDecoder.m in Sources */,
				69F26DED1C95C0D1002DA87A /* MASCompositeConstraint.m in Sources */,
				88DE01451C92B146003AADF7 /* UIColor+Hex.m in Sources */,
				88DE012D1C929F0D003AADF7 /* DetailViewController.m in Sources */,
				88DE01391C929F68003AADF7 /* RNNavigationController.m in Sources */,
				69F26E251C95C173002DA87A /* SDWebImagePrefetcher.m in Sources */,
				69F26E1D1C95C173002DA87A /* MKAnnotationView+WebCache.m in Sources */,
				69F26E271C95C173002DA87A /* UIImage+GIF.m in Sources */,
				69F26DEE1C95C0D1002DA87A /* MASConstraint.m in Sources */,
			);
			runOnlyForDeploymentPostprocessing = 0;
		};
		88DE00FB1C929CF6003AADF7 /* Sources */ = {
			isa = PBXSourcesBuildPhase;
			buildActionMask = 2147483647;
			files = (
				88DE01041C929CF6003AADF7 /* OnlyNoteTests.m in Sources */,
			);
			runOnlyForDeploymentPostprocessing = 0;
		};
		88DE01061C929CF6003AADF7 /* Sources */ = {
			isa = PBXSourcesBuildPhase;
			buildActionMask = 2147483647;
			files = (
				88DE010F1C929CF6003AADF7 /* OnlyNoteUITests.m in Sources */,
			);
			runOnlyForDeploymentPostprocessing = 0;
		};
/* End PBXSourcesBuildPhase section */

/* Begin PBXTargetDependency section */
		88DE01011C929CF6003AADF7 /* PBXTargetDependency */ = {
			isa = PBXTargetDependency;
			target = 88DE00E51C929CF6003AADF7 /* OnlyNote */;
			targetProxy = 88DE01001C929CF6003AADF7 /* PBXContainerItemProxy */;
		};
		88DE010C1C929CF6003AADF7 /* PBXTargetDependency */ = {
			isa = PBXTargetDependency;
			target = 88DE00E51C929CF6003AADF7 /* OnlyNote */;
			targetProxy = 88DE010B1C929CF6003AADF7 /* PBXContainerItemProxy */;
		};
/* End PBXTargetDependency section */

/* Begin PBXVariantGroup section */
		88DE00F21C929CF6003AADF7 /* Main.storyboard */ = {
			isa = PBXVariantGroup;
			children = (
				88DE00F31C929CF6003AADF7 /* Base */,
			);
			name = Main.storyboard;
			sourceTree = "<group>";
		};
		88DE00F71C929CF6003AADF7 /* LaunchScreen.storyboard */ = {
			isa = PBXVariantGroup;
			children = (
				88DE00F81C929CF6003AADF7 /* Base */,
			);
			name = LaunchScreen.storyboard;
			sourceTree = "<group>";
		};
/* End PBXVariantGroup section */

/* Begin XCBuildConfiguration section */
		88DE01111C929CF6003AADF7 /* Debug */ = {
			isa = XCBuildConfiguration;
			buildSettings = {
				ALWAYS_SEARCH_USER_PATHS = NO;
				CLANG_CXX_LANGUAGE_STANDARD = "gnu++0x";
				CLANG_CXX_LIBRARY = "libc++";
				CLANG_ENABLE_MODULES = YES;
				CLANG_ENABLE_OBJC_ARC = YES;
				CLANG_WARN_BOOL_CONVERSION = YES;
				CLANG_WARN_CONSTANT_CONVERSION = YES;
				CLANG_WARN_DIRECT_OBJC_ISA_USAGE = YES_ERROR;
				CLANG_WARN_EMPTY_BODY = YES;
				CLANG_WARN_ENUM_CONVERSION = YES;
				CLANG_WARN_INT_CONVERSION = YES;
				CLANG_WARN_OBJC_ROOT_CLASS = YES_ERROR;
				CLANG_WARN_UNREACHABLE_CODE = YES;
				CLANG_WARN__DUPLICATE_METHOD_MATCH = YES;
				"CODE_SIGN_IDENTITY[sdk=iphoneos*]" = "iPhone Developer";
				COPY_PHASE_STRIP = NO;
				DEBUG_INFORMATION_FORMAT = dwarf;
				ENABLE_STRICT_OBJC_MSGSEND = YES;
				ENABLE_TESTABILITY = YES;
				GCC_C_LANGUAGE_STANDARD = gnu99;
				GCC_DYNAMIC_NO_PIC = NO;
				GCC_NO_COMMON_BLOCKS = YES;
				GCC_OPTIMIZATION_LEVEL = 0;
				GCC_PREPROCESSOR_DEFINITIONS = (
					"DEBUG=1",
					"$(inherited)",
				);
				GCC_WARN_64_TO_32_BIT_CONVERSION = YES;
				GCC_WARN_ABOUT_RETURN_TYPE = YES_ERROR;
				GCC_WARN_UNDECLARED_SELECTOR = YES;
				GCC_WARN_UNINITIALIZED_AUTOS = YES_AGGRESSIVE;
				GCC_WARN_UNUSED_FUNCTION = YES;
				GCC_WARN_UNUSED_VARIABLE = YES;
				IPHONEOS_DEPLOYMENT_TARGET = 9.1;
				MTL_ENABLE_DEBUG_INFO = YES;
				ONLY_ACTIVE_ARCH = YES;
				SDKROOT = iphoneos;
				TARGETED_DEVICE_FAMILY = "1,2";
			};
			name = Debug;
		};
		88DE01121C929CF6003AADF7 /* Release */ = {
			isa = XCBuildConfiguration;
			buildSettings = {
				ALWAYS_SEARCH_USER_PATHS = NO;
				CLANG_CXX_LANGUAGE_STANDARD = "gnu++0x";
				CLANG_CXX_LIBRARY = "libc++";
				CLANG_ENABLE_MODULES = YES;
				CLANG_ENABLE_OBJC_ARC = YES;
				CLANG_WARN_BOOL_CONVERSION = YES;
				CLANG_WARN_CONSTANT_CONVERSION = YES;
				CLANG_WARN_DIRECT_OBJC_ISA_USAGE = YES_ERROR;
				CLANG_WARN_EMPTY_BODY = YES;
				CLANG_WARN_ENUM_CONVERSION = YES;
				CLANG_WARN_INT_CONVERSION = YES;
				CLANG_WARN_OBJC_ROOT_CLASS = YES_ERROR;
				CLANG_WARN_UNREACHABLE_CODE = YES;
				CLANG_WARN__DUPLICATE_METHOD_MATCH = YES;
				"CODE_SIGN_IDENTITY[sdk=iphoneos*]" = "iPhone Developer";
				COPY_PHASE_STRIP = NO;
				DEBUG_INFORMATION_FORMAT = "dwarf-with-dsym";
				ENABLE_NS_ASSERTIONS = NO;
				ENABLE_STRICT_OBJC_MSGSEND = YES;
				GCC_C_LANGUAGE_STANDARD = gnu99;
				GCC_NO_COMMON_BLOCKS = YES;
				GCC_WARN_64_TO_32_BIT_CONVERSION = YES;
				GCC_WARN_ABOUT_RETURN_TYPE = YES_ERROR;
				GCC_WARN_UNDECLARED_SELECTOR = YES;
				GCC_WARN_UNINITIALIZED_AUTOS = YES_AGGRESSIVE;
				GCC_WARN_UNUSED_FUNCTION = YES;
				GCC_WARN_UNUSED_VARIABLE = YES;
				IPHONEOS_DEPLOYMENT_TARGET = 9.1;
				MTL_ENABLE_DEBUG_INFO = NO;
				SDKROOT = iphoneos;
				TARGETED_DEVICE_FAMILY = "1,2";
				VALIDATE_PRODUCT = YES;
			};
			name = Release;
		};
		88DE01141C929CF6003AADF7 /* Debug */ = {
			isa = XCBuildConfiguration;
			baseConfigurationReference = 7628CAA3F5C9732D6BAEC015 /* Pods.debug.xcconfig */;
			buildSettings = {
				ASSETCATALOG_COMPILER_APPICON_NAME = AppIcon;
				GCC_PREFIX_HEADER = "$(SRCROOT)/$(PROJECT_NAME)/PrefixHeader.pch";
				INFOPLIST_FILE = OnlyNote/Info.plist;
				LD_RUNPATH_SEARCH_PATHS = "$(inherited) @executable_path/Frameworks";
				PRODUCT_BUNDLE_IDENTIFIER = cn.rany.app.OnlyNote;
				PRODUCT_NAME = "$(TARGET_NAME)";
			};
			name = Debug;
		};
		88DE01151C929CF6003AADF7 /* Release */ = {
			isa = XCBuildConfiguration;
			baseConfigurationReference = E3C70C264AD1B0374144BD9D /* Pods.release.xcconfig */;
			buildSettings = {
				ASSETCATALOG_COMPILER_APPICON_NAME = AppIcon;
				GCC_PREFIX_HEADER = "$(SRCROOT)/$(PROJECT_NAME)/PrefixHeader.pch";
				INFOPLIST_FILE = OnlyNote/Info.plist;
				LD_RUNPATH_SEARCH_PATHS = "$(inherited) @executable_path/Frameworks";
				PRODUCT_BUNDLE_IDENTIFIER = cn.rany.app.OnlyNote;
				PRODUCT_NAME = "$(TARGET_NAME)";
			};
			name = Release;
		};
		88DE01171C929CF6003AADF7 /* Debug */ = {
			isa = XCBuildConfiguration;
			buildSettings = {
				BUNDLE_LOADER = "$(TEST_HOST)";
				INFOPLIST_FILE = OnlyNoteTests/Info.plist;
				LD_RUNPATH_SEARCH_PATHS = "$(inherited) @executable_path/Frameworks @loader_path/Frameworks";
				PRODUCT_BUNDLE_IDENTIFIER = cn.rany.app.OnlyNoteTests;
				PRODUCT_NAME = "$(TARGET_NAME)";
				TEST_HOST = "$(BUILT_PRODUCTS_DIR)/OnlyNote.app/OnlyNote";
			};
			name = Debug;
		};
		88DE01181C929CF6003AADF7 /* Release */ = {
			isa = XCBuildConfiguration;
			buildSettings = {
				BUNDLE_LOADER = "$(TEST_HOST)";
				INFOPLIST_FILE = OnlyNoteTests/Info.plist;
				LD_RUNPATH_SEARCH_PATHS = "$(inherited) @executable_path/Frameworks @loader_path/Frameworks";
				PRODUCT_BUNDLE_IDENTIFIER = cn.rany.app.OnlyNoteTests;
				PRODUCT_NAME = "$(TARGET_NAME)";
				TEST_HOST = "$(BUILT_PRODUCTS_DIR)/OnlyNote.app/OnlyNote";
			};
			name = Release;
		};
		88DE011A1C929CF6003AADF7 /* Debug */ = {
			isa = XCBuildConfiguration;
			buildSettings = {
				INFOPLIST_FILE = OnlyNoteUITests/Info.plist;
				LD_RUNPATH_SEARCH_PATHS = "$(inherited) @executable_path/Frameworks @loader_path/Frameworks";
				PRODUCT_BUNDLE_IDENTIFIER = cn.rany.app.OnlyNoteUITests;
				PRODUCT_NAME = "$(TARGET_NAME)";
				TEST_TARGET_NAME = OnlyNote;
				USES_XCTRUNNER = YES;
			};
			name = Debug;
		};
		88DE011B1C929CF6003AADF7 /* Release */ = {
			isa = XCBuildConfiguration;
			buildSettings = {
				INFOPLIST_FILE = OnlyNoteUITests/Info.plist;
				LD_RUNPATH_SEARCH_PATHS = "$(inherited) @executable_path/Frameworks @loader_path/Frameworks";
				PRODUCT_BUNDLE_IDENTIFIER = cn.rany.app.OnlyNoteUITests;
				PRODUCT_NAME = "$(TARGET_NAME)";
				TEST_TARGET_NAME = OnlyNote;
				USES_XCTRUNNER = YES;
			};
			name = Release;
		};
/* End XCBuildConfiguration section */

/* Begin XCConfigurationList section */
		88DE00E11C929CF6003AADF7 /* Build configuration list for PBXProject "OnlyNote" */ = {
			isa = XCConfigurationList;
			buildConfigurations = (
				88DE01111C929CF6003AADF7 /* Debug */,
				88DE01121C929CF6003AADF7 /* Release */,
			);
			defaultConfigurationIsVisible = 0;
			defaultConfigurationName = Release;
		};
		88DE01131C929CF6003AADF7 /* Build configuration list for PBXNativeTarget "OnlyNote" */ = {
			isa = XCConfigurationList;
			buildConfigurations = (
				88DE01141C929CF6003AADF7 /* Debug */,
				88DE01151C929CF6003AADF7 /* Release */,
			);
			defaultConfigurationIsVisible = 0;
			defaultConfigurationName = Release;
		};
		88DE01161C929CF6003AADF7 /* Build configuration list for PBXNativeTarget "OnlyNoteTests" */ = {
			isa = XCConfigurationList;
			buildConfigurations = (
				88DE01171C929CF6003AADF7 /* Debug */,
				88DE01181C929CF6003AADF7 /* Release */,
			);
			defaultConfigurationIsVisible = 0;
			defaultConfigurationName = Release;
		};
		88DE01191C929CF6003AADF7 /* Build configuration list for PBXNativeTarget "OnlyNoteUITests" */ = {
			isa = XCConfigurationList;
			buildConfigurations = (
				88DE011A1C929CF6003AADF7 /* Debug */,
				88DE011B1C929CF6003AADF7 /* Release */,
			);
			defaultConfigurationIsVisible = 0;
			defaultConfigurationName = Release;
		};
/* End XCConfigurationList section */
	};
	rootObject = 88DE00DE1C929CF6003AADF7 /* Project object */;
}
